
Microsoft Visual Studio Solution File, Format Version 12.00
# Visual Studio Version 16
VisualStudioVersion = 16.0.30128.74
MinimumVisualStudioVersion = 10.0.40219.1
Project("{9A19103F-16F7-4668-BE54-9A1E7A4F7556}") = "NucleiDetector", "WindowsFormsApp1\NucleiDetector.csproj", "{A10ADEA4-9899-40E3-9136-02F9C0586472}"
EndProject
Global
	GlobalSection(SolutionConfigurationPlatforms) = preSolution
		Debug|Any CPU = Debug|Any CPU
		Release|Any CPU = Release|Any CPU
	EndGlobalSection
	GlobalSection(ProjectConfigurationPlatforms) = postSolution
		{A10ADEA4-9899-40E3-9136-02F9C0586472}.Debug|Any CPU.ActiveCfg = Debug|Any CPU
		{A10ADEA4-9899-40E3-9136-02F9C0586472}.Debug|Any CPU.Build.0 = Debug|Any CPU
		{A10ADEA4-9899-40E3-9136-02F9C0586472}.Release|Any CPU.ActiveCfg = Release|Any CPU
		{A10ADEA4-9899-40E3-9136-02F9C0586472}.Release|Any CPU.Build.0 = Release|Any CPU
	EndGlobalSection
	GlobalSection(SolutionProperties) = preSolution
		HideSolutionNode = FALSE
	EndGlobalSection
	GlobalSection(ExtensibilityGlobals) = postSolution
		SolutionGuid = {F0D47AAB-3EBC-4F59-9914-D2AE5DD17F31}
	EndGlobalSection
EndGlobal
